
Microsoft Visual Studio Solution File, Format Version 12.00
# Visual Studio Version 16
VisualStudioVersion = 16.0.29806.167
MinimumVisualStudioVersion = 10.0.40219.1
Project("{2150E333-8FDC-42A3-9474-1A3956D46DE8}") = "Applications", "Applications", "{7F717648-2E38-4F4D-811A-BDEF2868438F}"
EndProject
Project("{2150E333-8FDC-42A3-9474-1A3956D46DE8}") = "Services", "Services", "{37B83D39-8E50-435E-8AF4-A9DBC0968E8F}"
EndProject
Project("{2150E333-8FDC-42A3-9474-1A3956D46DE8}") = "Tests", "Tests", "{D654478E-F7D8-4BB9-96FF-507D15E60F3A}"
EndProject
Project("{2150E333-8FDC-42A3-9474-1A3956D46DE8}") = "Common", "Common", "{E95B4FEA-3AC0-4791-9927-9041696F9D06}"
EndProject
Project("{FAE04EC0-301F-11D3-BF4B-00C04F79EFBC}") = "Common", "Common\Common\Common.csproj", "{3D07E559-C5A6-43F1-B995-FE05D3E5C254}"
EndProject
Project("{FAE04EC0-301F-11D3-BF4B-00C04F79EFBC}") = "Miscs", "Common\Miscs\Miscs.csproj", "{4EB5D689-320A-49F3-B2DB-78023F7743DC}"
EndProject
Project("{FAE04EC0-301F-11D3-BF4B-00C04F79EFBC}") = "Devices", "Common\Devices\Devices.csproj", "{4FDCC306-A96E-4601-BCF1-171EAA019DC5}"
EndProject
Project("{FAE04EC0-301F-11D3-BF4B-00C04F79EFBC}") = "Communication", "Common\Communication\Communication.csproj", "{E19C349A-655E-4D41-A524-4B8559408F02}"
EndProject
Project("{2150E333-8FDC-42A3-9474-1A3956D46DE8}") = "Vendors", "Vendors", "{CCB4D48D-60D3-4DD3-9D98-5E8CC96DBC7E}"
EndProject
Project("{2150E333-8FDC-42A3-9474-1A3956D46DE8}") = "IrCamera", "IrCamera", "{2CAF0C42-DABB-45B9-B78C-6638A6C64A92}"
EndProject
Project("{2150E333-8FDC-42A3-9474-1A3956D46DE8}") = "HIKVision", "HIKVision", "{11D0FE4E-2773-4587-883E-24AB461E278E}"
EndProject
Project("{2150E333-8FDC-42A3-9474-1A3956D46DE8}") = "VirtualDevice", "VirtualDevice", "{0E06A324-A781-4B75-83F5-176DAB9AD0C4}"
EndProject
Project("{FAE04EC0-301F-11D3-BF4B-00C04F79EFBC}") = "VirtualIrDevice", "Services\Vendors\IrCamera\VirtualDevice\VirtualIrDevice\VirtualIrDevice.csproj", "{38D08B50-22D7-4434-B921-C8D39F349F2E}"
EndProject
Project("{FAE04EC0-301F-11D3-BF4B-00C04F79EFBC}") = "Resources", "Common\Resources\Resources.csproj", "{BF9C3C74-DF22-41F7-A88F-084430F2B935}"
EndProject
Project("{FAE04EC0-301F-11D3-BF4B-00C04F79EFBC}") = "Codec", "Common\Codec\Codec.csproj", "{BBD78EB9-3AA2-44E0-B899-7BE5948327CE}"
EndProject
Project("{FAE04EC0-301F-11D3-BF4B-00C04F79EFBC}") = "IRApplication", "Applications\IRApplication\IRApplication.csproj", "{52D4F661-F4E6-4DAE-94EF-5698E1D9C1A5}"
EndProject
Project("{2150E333-8FDC-42A3-9474-1A3956D46DE8}") = "Camera", "Camera", "{EBDC9326-1EFC-4F97-98ED-F385E6DD9E3F}"
EndProject
Project("{2150E333-8FDC-42A3-9474-1A3956D46DE8}") = "HIKVision", "HIKVision", "{C722D839-83F4-4BED-BD42-AD8A1B895D41}"
EndProject
Project("{FAE04EC0-301F-11D3-BF4B-00C04F79EFBC}") = "HIKVisionDevice", "Services\Vendors\Camera\HIKVision\HIKVisionDevice\HIKVisionDevice.csproj", "{EF02806F-A712-44F6-AB92-28C404D47631}"
EndProject
Project("{FAE04EC0-301F-11D3-BF4B-00C04F79EFBC}") = "HIKVisionIrDevice", "Services\Vendors\IrCamera\HIKVision\HIKVisionIrDevice\HIKVisionIrDevice.csproj", "{E39B8E57-21E6-4ADC-A446-624686367DFC}"
EndProject
Project("{FAE04EC0-301F-11D3-BF4B-00C04F79EFBC}") = "TestIRService", "Tests\TestIRService\TestIRService.csproj", "{9362BD32-76BB-49C6-A2C5-626CC2869AEA}"
EndProject
Project("{FAE04EC0-301F-11D3-BF4B-00C04F79EFBC}") = "Repository", "Common\Repository\Repository.csproj", "{F0D36ADC-DD65-4F05-85F5-CB107464AAD3}"
EndProject
Project("{FAE04EC0-301F-11D3-BF4B-00C04F79EFBC}") = "IRService", "Services\IRService\IRService.csproj", "{AA5252BE-F718-494F-AF56-5C0730D47BE8}"
EndProject
Project("{FAE04EC0-301F-11D3-BF4B-00C04F79EFBC}") = "DrawTools", "Applications\DrawTools\DrawTools.csproj", "{C2F951D8-2CB6-4AB5-9029-1EE3FCDB910A}"
EndProject
Project("{FAE04EC0-301F-11D3-BF4B-00C04F79EFBC}") = "TestCommunication", "Tests\TestCommunication\TestCommunication.csproj", "{B636CDAC-E2CE-4689-A915-8FC38888BCB7}"
EndProject
Project("{2150E333-8FDC-42A3-9474-1A3956D46DE8}") = "Tools", "Tools", "{DF236656-F5F9-49F1-9245-D5E61484E0EA}"
EndProject
Project("{FAE04EC0-301F-11D3-BF4B-00C04F79EFBC}") = "NetworkTool", "Tools\NetworkTool\NetworkTool.csproj", "{C7B984E4-FA49-4C0A-83F5-5B19C685F301}"
EndProject
Global
	GlobalSection(SolutionConfigurationPlatforms) = preSolution
		Debug|Any CPU = Debug|Any CPU
		Debug|x64 = Debug|x64
		Debug|x86 = Debug|x86
		Release|Any CPU = Release|Any CPU
		Release|x64 = Release|x64
		Release|x86 = Release|x86
	EndGlobalSection
	GlobalSection(ProjectConfigurationPlatforms) = postSolution
		{3D07E559-C5A6-43F1-B995-FE05D3E5C254}.Debug|Any CPU.ActiveCfg = Debug|Any CPU
		{3D07E559-C5A6-43F1-B995-FE05D3E5C254}.Debug|Any CPU.Build.0 = Debug|Any CPU
		{3D07E559-C5A6-43F1-B995-FE05D3E5C254}.Debug|x64.ActiveCfg = Debug|Any CPU
		{3D07E559-C5A6-43F1-B995-FE05D3E5C254}.Debug|x64.Build.0 = Debug|Any CPU
		{3D07E559-C5A6-43F1-B995-FE05D3E5C254}.Debug|x86.ActiveCfg = Debug|Any CPU
		{3D07E559-C5A6-43F1-B995-FE05D3E5C254}.Debug|x86.Build.0 = Debug|Any CPU
		{3D07E559-C5A6-43F1-B995-FE05D3E5C254}.Release|Any CPU.ActiveCfg = Release|Any CPU
		{3D07E559-C5A6-43F1-B995-FE05D3E5C254}.Release|Any CPU.Build.0 = Release|Any CPU
		{3D07E559-C5A6-43F1-B995-FE05D3E5C254}.Release|x64.ActiveCfg = Release|Any CPU
		{3D07E559-C5A6-43F1-B995-FE05D3E5C254}.Release|x64.Build.0 = Release|Any CPU
		{3D07E559-C5A6-43F1-B995-FE05D3E5C254}.Release|x86.ActiveCfg = Release|Any CPU
		{3D07E559-C5A6-43F1-B995-FE05D3E5C254}.Release|x86.Build.0 = Release|Any CPU
		{4EB5D689-320A-49F3-B2DB-78023F7743DC}.Debug|Any CPU.ActiveCfg = Debug|Any CPU
		{4EB5D689-320A-49F3-B2DB-78023F7743DC}.Debug|Any CPU.Build.0 = Debug|Any CPU
		{4EB5D689-320A-49F3-B2DB-78023F7743DC}.Debug|x64.ActiveCfg = Debug|Any CPU
		{4EB5D689-320A-49F3-B2DB-78023F7743DC}.Debug|x64.Build.0 = Debug|Any CPU
		{4EB5D689-320A-49F3-B2DB-78023F7743DC}.Debug|x86.ActiveCfg = Debug|Any CPU
		{4EB5D689-320A-49F3-B2DB-78023F7743DC}.Debug|x86.Build.0 = Debug|Any CPU
		{4EB5D689-320A-49F3-B2DB-78023F7743DC}.Release|Any CPU.ActiveCfg = Release|Any CPU
		{4EB5D689-320A-49F3-B2DB-78023F7743DC}.Release|Any CPU.Build.0 = Release|Any CPU
		{4EB5D689-320A-49F3-B2DB-78023F7743DC}.Release|x64.ActiveCfg = Release|Any CPU
		{4EB5D689-320A-49F3-B2DB-78023F7743DC}.Release|x64.Build.0 = Release|Any CPU
		{4EB5D689-320A-49F3-B2DB-78023F7743DC}.Release|x86.ActiveCfg = Release|Any CPU
		{4EB5D689-320A-49F3-B2DB-78023F7743DC}.Release|x86.Build.0 = Release|Any CPU
		{4FDCC306-A96E-4601-BCF1-171EAA019DC5}.Debug|Any CPU.ActiveCfg = Debug|Any CPU
		{4FDCC306-A96E-4601-BCF1-171EAA019DC5}.Debug|Any CPU.Build.0 = Debug|Any CPU
		{4FDCC306-A96E-4601-BCF1-171EAA019DC5}.Debug|x64.ActiveCfg = Debug|Any CPU
		{4FDCC306-A96E-4601-BCF1-171EAA019DC5}.Debug|x64.Build.0 = Debug|Any CPU
		{4FDCC306-A96E-4601-BCF1-171EAA019DC5}.Debug|x86.ActiveCfg = Debug|Any CPU
		{4FDCC306-A96E-4601-BCF1-171EAA019DC5}.Debug|x86.Build.0 = Debug|Any CPU
		{4FDCC306-A96E-4601-BCF1-171EAA019DC5}.Release|Any CPU.ActiveCfg = Release|Any CPU
		{4FDCC306-A96E-4601-BCF1-171EAA019DC5}.Release|Any CPU.Build.0 = Release|Any CPU
		{4FDCC306-A96E-4601-BCF1-171EAA019DC5}.Release|x64.ActiveCfg = Release|Any CPU
		{4FDCC306-A96E-4601-BCF1-171EAA019DC5}.Release|x64.Build.0 = Release|Any CPU
		{4FDCC306-A96E-4601-BCF1-171EAA019DC5}.Release|x86.ActiveCfg = Release|Any CPU
		{4FDCC306-A96E-4601-BCF1-171EAA019DC5}.Release|x86.Build.0 = Release|Any CPU
		{E19C349A-655E-4D41-A524-4B8559408F02}.Debug|Any CPU.ActiveCfg = Debug|Any CPU
		{E19C349A-655E-4D41-A524-4B8559408F02}.Debug|Any CPU.Build.0 = Debug|Any CPU
		{E19C349A-655E-4D41-A524-4B8559408F02}.Debug|x64.ActiveCfg = Debug|Any CPU
		{E19C349A-655E-4D41-A524-4B8559408F02}.Debug|x64.Build.0 = Debug|Any CPU
		{E19C349A-655E-4D41-A524-4B8559408F02}.Debug|x86.ActiveCfg = Debug|Any CPU
		{E19C349A-655E-4D41-A524-4B8559408F02}.Debug|x86.Build.0 = Debug|Any CPU
		{E19C349A-655E-4D41-A524-4B8559408F02}.Release|Any CPU.ActiveCfg = Release|Any CPU
		{E19C349A-655E-4D41-A524-4B8559408F02}.Release|Any CPU.Build.0 = Release|Any CPU
		{E19C349A-655E-4D41-A524-4B8559408F02}.Release|x64.ActiveCfg = Release|Any CPU
		{E19C349A-655E-4D41-A524-4B8559408F02}.Release|x64.Build.0 = Release|Any CPU
		{E19C349A-655E-4D41-A524-4B8559408F02}.Release|x86.ActiveCfg = Release|Any CPU
		{E19C349A-655E-4D41-A524-4B8559408F02}.Release|x86.Build.0 = Release|Any CPU
		{38D08B50-22D7-4434-B921-C8D39F349F2E}.Debug|Any CPU.ActiveCfg = Debug|Any CPU
		{38D08B50-22D7-4434-B921-C8D39F349F2E}.Debug|Any CPU.Build.0 = Debug|Any CPU
		{38D08B50-22D7-4434-B921-C8D39F349F2E}.Debug|x64.ActiveCfg = Debug|Any CPU
		{38D08B50-22D7-4434-B921-C8D39F349F2E}.Debug|x64.Build.0 = Debug|Any CPU
		{38D08B50-22D7-4434-B921-C8D39F349F2E}.Debug|x86.ActiveCfg = Debug|Any CPU
		{38D08B50-22D7-4434-B921-C8D39F349F2E}.Debug|x86.Build.0 = Debug|Any CPU
		{38D08B50-22D7-4434-B921-C8D39F349F2E}.Release|Any CPU.ActiveCfg = Release|Any CPU
		{38D08B50-22D7-4434-B921-C8D39F349F2E}.Release|Any CPU.Build.0 = Release|Any CPU
		{38D08B50-22D7-4434-B921-C8D39F349F2E}.Release|x64.ActiveCfg = Release|Any CPU
		{38D08B50-22D7-4434-B921-C8D39F349F2E}.Release|x64.Build.0 = Release|Any CPU
		{38D08B50-22D7-4434-B921-C8D39F349F2E}.Release|x86.ActiveCfg = Release|Any CPU
		{38D08B50-22D7-4434-B921-C8D39F349F2E}.Release|x86.Build.0 = Release|Any CPU
		{BF9C3C74-DF22-41F7-A88F-084430F2B935}.Debug|Any CPU.ActiveCfg = Debug|Any CPU
		{BF9C3C74-DF22-41F7-A88F-084430F2B935}.Debug|Any CPU.Build.0 = Debug|Any CPU
		{BF9C3C74-DF22-41F7-A88F-084430F2B935}.Debug|x64.ActiveCfg = Debug|Any CPU
		{BF9C3C74-DF22-41F7-A88F-084430F2B935}.Debug|x64.Build.0 = Debug|Any CPU
		{BF9C3C74-DF22-41F7-A88F-084430F2B935}.Debug|x86.ActiveCfg = Debug|Any CPU
		{BF9C3C74-DF22-41F7-A88F-084430F2B935}.Debug|x86.Build.0 = Debug|Any CPU
		{BF9C3C74-DF22-41F7-A88F-084430F2B935}.Release|Any CPU.ActiveCfg = Release|Any CPU
		{BF9C3C74-DF22-41F7-A88F-084430F2B935}.Release|Any CPU.Build.0 = Release|Any CPU
		{BF9C3C74-DF22-41F7-A88F-084430F2B935}.Release|x64.ActiveCfg = Release|Any CPU
		{BF9C3C74-DF22-41F7-A88F-084430F2B935}.Release|x64.Build.0 = Release|Any CPU
		{BF9C3C74-DF22-41F7-A88F-084430F2B935}.Release|x86.ActiveCfg = Release|Any CPU
		{BF9C3C74-DF22-41F7-A88F-084430F2B935}.Release|x86.Build.0 = Release|Any CPU
		{BBD78EB9-3AA2-44E0-B899-7BE5948327CE}.Debug|Any CPU.ActiveCfg = Debug|Any CPU
		{BBD78EB9-3AA2-44E0-B899-7BE5948327CE}.Debug|Any CPU.Build.0 = Debug|Any CPU
		{BBD78EB9-3AA2-44E0-B899-7BE5948327CE}.Debug|x64.ActiveCfg = Debug|Any CPU
		{BBD78EB9-3AA2-44E0-B899-7BE5948327CE}.Debug|x64.Build.0 = Debug|Any CPU
		{BBD78EB9-3AA2-44E0-B899-7BE5948327CE}.Debug|x86.ActiveCfg = Debug|Any CPU
		{BBD78EB9-3AA2-44E0-B899-7BE5948327CE}.Debug|x86.Build.0 = Debug|Any CPU
		{BBD78EB9-3AA2-44E0-B899-7BE5948327CE}.Release|Any CPU.ActiveCfg = Release|Any CPU
		{BBD78EB9-3AA2-44E0-B899-7BE5948327CE}.Release|Any CPU.Build.0 = Release|Any CPU
		{BBD78EB9-3AA2-44E0-B899-7BE5948327CE}.Release|x64.ActiveCfg = Release|Any CPU
		{BBD78EB9-3AA2-44E0-B899-7BE5948327CE}.Release|x64.Build.0 = Release|Any CPU
		{BBD78EB9-3AA2-44E0-B899-7BE5948327CE}.Release|x86.ActiveCfg = Release|Any CPU
		{BBD78EB9-3AA2-44E0-B899-7BE5948327CE}.Release|x86.Build.0 = Release|Any CPU
		{52D4F661-F4E6-4DAE-94EF-5698E1D9C1A5}.Debug|Any CPU.ActiveCfg = Debug|Any CPU
		{52D4F661-F4E6-4DAE-94EF-5698E1D9C1A5}.Debug|Any CPU.Build.0 = Debug|Any CPU
		{52D4F661-F4E6-4DAE-94EF-5698E1D9C1A5}.Debug|x64.ActiveCfg = Debug|Any CPU
		{52D4F661-F4E6-4DAE-94EF-5698E1D9C1A5}.Debug|x64.Build.0 = Debug|Any CPU
		{52D4F661-F4E6-4DAE-94EF-5698E1D9C1A5}.Debug|x86.ActiveCfg = Debug|Any CPU
		{52D4F661-F4E6-4DAE-94EF-5698E1D9C1A5}.Debug|x86.Build.0 = Debug|Any CPU
		{52D4F661-F4E6-4DAE-94EF-5698E1D9C1A5}.Release|Any CPU.ActiveCfg = Release|Any CPU
		{52D4F661-F4E6-4DAE-94EF-5698E1D9C1A5}.Release|Any CPU.Build.0 = Release|Any CPU
		{52D4F661-F4E6-4DAE-94EF-5698E1D9C1A5}.Release|x64.ActiveCfg = Release|Any CPU
		{52D4F661-F4E6-4DAE-94EF-5698E1D9C1A5}.Release|x64.Build.0 = Release|Any CPU
		{52D4F661-F4E6-4DAE-94EF-5698E1D9C1A5}.Release|x86.ActiveCfg = Release|Any CPU
		{52D4F661-F4E6-4DAE-94EF-5698E1D9C1A5}.Release|x86.Build.0 = Release|Any CPU
		{EF02806F-A712-44F6-AB92-28C404D47631}.Debug|Any CPU.ActiveCfg = Debug|Any CPU
		{EF02806F-A712-44F6-AB92-28C404D47631}.Debug|Any CPU.Build.0 = Debug|Any CPU
		{EF02806F-A712-44F6-AB92-28C404D47631}.Debug|x64.ActiveCfg = Debug|Any CPU
		{EF02806F-A712-44F6-AB92-28C404D47631}.Debug|x64.Build.0 = Debug|Any CPU
		{EF02806F-A712-44F6-AB92-28C404D47631}.Debug|x86.ActiveCfg = Debug|Any CPU
		{EF02806F-A712-44F6-AB92-28C404D47631}.Debug|x86.Build.0 = Debug|Any CPU
		{EF02806F-A712-44F6-AB92-28C404D47631}.Release|Any CPU.ActiveCfg = Release|Any CPU
		{EF02806F-A712-44F6-AB92-28C404D47631}.Release|Any CPU.Build.0 = Release|Any CPU
		{EF02806F-A712-44F6-AB92-28C404D47631}.Release|x64.ActiveCfg = Release|Any CPU
		{EF02806F-A712-44F6-AB92-28C404D47631}.Release|x64.Build.0 = Release|Any CPU
		{EF02806F-A712-44F6-AB92-28C404D47631}.Release|x86.ActiveCfg = Release|Any CPU
		{EF02806F-A712-44F6-AB92-28C404D47631}.Release|x86.Build.0 = Release|Any CPU
		{E39B8E57-21E6-4ADC-A446-624686367DFC}.Debug|Any CPU.ActiveCfg = Debug|Any CPU
		{E39B8E57-21E6-4ADC-A446-624686367DFC}.Debug|Any CPU.Build.0 = Debug|Any CPU
		{E39B8E57-21E6-4ADC-A446-624686367DFC}.Debug|x64.ActiveCfg = Debug|Any CPU
		{E39B8E57-21E6-4ADC-A446-624686367DFC}.Debug|x64.Build.0 = Debug|Any CPU
		{E39B8E57-21E6-4ADC-A446-624686367DFC}.Debug|x86.ActiveCfg = Debug|Any CPU
		{E39B8E57-21E6-4ADC-A446-624686367DFC}.Debug|x86.Build.0 = Debug|Any CPU
		{E39B8E57-21E6-4ADC-A446-624686367DFC}.Release|Any CPU.ActiveCfg = Release|Any CPU
		{E39B8E57-21E6-4ADC-A446-624686367DFC}.Release|Any CPU.Build.0 = Release|Any CPU
		{E39B8E57-21E6-4ADC-A446-624686367DFC}.Release|x64.ActiveCfg = Release|Any CPU
		{E39B8E57-21E6-4ADC-A446-624686367DFC}.Release|x64.Build.0 = Release|Any CPU
		{E39B8E57-21E6-4ADC-A446-624686367DFC}.Release|x86.ActiveCfg = Release|Any CPU
		{E39B8E57-21E6-4ADC-A446-624686367DFC}.Release|x86.Build.0 = Release|Any CPU
		{9362BD32-76BB-49C6-A2C5-626CC2869AEA}.Debug|Any CPU.ActiveCfg = Debug|Any CPU
		{9362BD32-76BB-49C6-A2C5-626CC2869AEA}.Debug|Any CPU.Build.0 = Debug|Any CPU
		{9362BD32-76BB-49C6-A2C5-626CC2869AEA}.Debug|x64.ActiveCfg = Debug|Any CPU
		{9362BD32-76BB-49C6-A2C5-626CC2869AEA}.Debug|x64.Build.0 = Debug|Any CPU
		{9362BD32-76BB-49C6-A2C5-626CC2869AEA}.Debug|x86.ActiveCfg = Debug|Any CPU
		{9362BD32-76BB-49C6-A2C5-626CC2869AEA}.Debug|x86.Build.0 = Debug|Any CPU
		{9362BD32-76BB-49C6-A2C5-626CC2869AEA}.Release|Any CPU.ActiveCfg = Release|Any CPU
		{9362BD32-76BB-49C6-A2C5-626CC2869AEA}.Release|Any CPU.Build.0 = Release|Any CPU
		{9362BD32-76BB-49C6-A2C5-626CC2869AEA}.Release|x64.ActiveCfg = Release|Any CPU
		{9362BD32-76BB-49C6-A2C5-626CC2869AEA}.Release|x64.Build.0 = Release|Any CPU
		{9362BD32-76BB-49C6-A2C5-626CC2869AEA}.Release|x86.ActiveCfg = Release|Any CPU
		{9362BD32-76BB-49C6-A2C5-626CC2869AEA}.Release|x86.Build.0 = Release|Any CPU
		{F0D36ADC-DD65-4F05-85F5-CB107464AAD3}.Debug|Any CPU.ActiveCfg = Debug|Any CPU
		{F0D36ADC-DD65-4F05-85F5-CB107464AAD3}.Debug|Any CPU.Build.0 = Debug|Any CPU
		{F0D36ADC-DD65-4F05-85F5-CB107464AAD3}.Debug|x64.ActiveCfg = Debug|Any CPU
		{F0D36ADC-DD65-4F05-85F5-CB107464AAD3}.Debug|x64.Build.0 = Debug|Any CPU
		{F0D36ADC-DD65-4F05-85F5-CB107464AAD3}.Debug|x86.ActiveCfg = Debug|Any CPU
		{F0D36ADC-DD65-4F05-85F5-CB107464AAD3}.Debug|x86.Build.0 = Debug|Any CPU
		{F0D36ADC-DD65-4F05-85F5-CB107464AAD3}.Release|Any CPU.ActiveCfg = Release|Any CPU
		{F0D36ADC-DD65-4F05-85F5-CB107464AAD3}.Release|Any CPU.Build.0 = Release|Any CPU
		{F0D36ADC-DD65-4F05-85F5-CB107464AAD3}.Release|x64.ActiveCfg = Release|Any CPU
		{F0D36ADC-DD65-4F05-85F5-CB107464AAD3}.Release|x64.Build.0 = Release|Any CPU
		{F0D36ADC-DD65-4F05-85F5-CB107464AAD3}.Release|x86.ActiveCfg = Release|Any CPU
		{F0D36ADC-DD65-4F05-85F5-CB107464AAD3}.Release|x86.Build.0 = Release|Any CPU
		{AA5252BE-F718-494F-AF56-5C0730D47BE8}.Debug|Any CPU.ActiveCfg = Debug|Any CPU
		{AA5252BE-F718-494F-AF56-5C0730D47BE8}.Debug|Any CPU.Build.0 = Debug|Any CPU
		{AA5252BE-F718-494F-AF56-5C0730D47BE8}.Debug|x64.ActiveCfg = Debug|Any CPU
		{AA5252BE-F718-494F-AF56-5C0730D47BE8}.Debug|x64.Build.0 = Debug|Any CPU
		{AA5252BE-F718-494F-AF56-5C0730D47BE8}.Debug|x86.ActiveCfg = Debug|Any CPU
		{AA5252BE-F718-494F-AF56-5C0730D47BE8}.Debug|x86.Build.0 = Debug|Any CPU
		{AA5252BE-F718-494F-AF56-5C0730D47BE8}.Release|Any CPU.ActiveCfg = Release|Any CPU
		{AA5252BE-F718-494F-AF56-5C0730D47BE8}.Release|Any CPU.Build.0 = Release|Any CPU
		{AA5252BE-F718-494F-AF56-5C0730D47BE8}.Release|x64.ActiveCfg = Release|Any CPU
		{AA5252BE-F718-494F-AF56-5C0730D47BE8}.Release|x64.Build.0 = Release|Any CPU
		{AA5252BE-F718-494F-AF56-5C0730D47BE8}.Release|x86.ActiveCfg = Release|Any CPU
		{AA5252BE-F718-494F-AF56-5C0730D47BE8}.Release|x86.Build.0 = Release|Any CPU
		{C2F951D8-2CB6-4AB5-9029-1EE3FCDB910A}.Debug|Any CPU.ActiveCfg = Debug|Any CPU
		{C2F951D8-2CB6-4AB5-9029-1EE3FCDB910A}.Debug|Any CPU.Build.0 = Debug|Any CPU
		{C2F951D8-2CB6-4AB5-9029-1EE3FCDB910A}.Debug|x64.ActiveCfg = Debug|Any CPU
		{C2F951D8-2CB6-4AB5-9029-1EE3FCDB910A}.Debug|x64.Build.0 = Debug|Any CPU
		{C2F951D8-2CB6-4AB5-9029-1EE3FCDB910A}.Debug|x86.ActiveCfg = Debug|x86
		{C2F951D8-2CB6-4AB5-9029-1EE3FCDB910A}.Debug|x86.Build.0 = Debug|x86
		{C2F951D8-2CB6-4AB5-9029-1EE3FCDB910A}.Release|Any CPU.ActiveCfg = Release|Any CPU
		{C2F951D8-2CB6-4AB5-9029-1EE3FCDB910A}.Release|Any CPU.Build.0 = Release|Any CPU
		{C2F951D8-2CB6-4AB5-9029-1EE3FCDB910A}.Release|x64.ActiveCfg = Release|Any CPU
		{C2F951D8-2CB6-4AB5-9029-1EE3FCDB910A}.Release|x64.Build.0 = Release|Any CPU
		{C2F951D8-2CB6-4AB5-9029-1EE3FCDB910A}.Release|x86.ActiveCfg = Release|x86
		{C2F951D8-2CB6-4AB5-9029-1EE3FCDB910A}.Release|x86.Build.0 = Release|x86
		{B636CDAC-E2CE-4689-A915-8FC38888BCB7}.Debug|Any CPU.ActiveCfg = Debug|Any CPU
		{B636CDAC-E2CE-4689-A915-8FC38888BCB7}.Debug|Any CPU.Build.0 = Debug|Any CPU
		{B636CDAC-E2CE-4689-A915-8FC38888BCB7}.Debug|x64.ActiveCfg = Debug|Any CPU
		{B636CDAC-E2CE-4689-A915-8FC38888BCB7}.Debug|x64.Build.0 = Debug|Any CPU
		{B636CDAC-E2CE-4689-A915-8FC38888BCB7}.Debug|x86.ActiveCfg = Debug|Any CPU
		{B636CDAC-E2CE-4689-A915-8FC38888BCB7}.Debug|x86.Build.0 = Debug|Any CPU
		{B636CDAC-E2CE-4689-A915-8FC38888BCB7}.Release|Any CPU.ActiveCfg = Release|Any CPU
		{B636CDAC-E2CE-4689-A915-8FC38888BCB7}.Release|Any CPU.Build.0 = Release|Any CPU
		{B636CDAC-E2CE-4689-A915-8FC38888BCB7}.Release|x64.ActiveCfg = Release|Any CPU
		{B636CDAC-E2CE-4689-A915-8FC38888BCB7}.Release|x64.Build.0 = Release|Any CPU
		{B636CDAC-E2CE-4689-A915-8FC38888BCB7}.Release|x86.ActiveCfg = Release|Any CPU
		{B636CDAC-E2CE-4689-A915-8FC38888BCB7}.Release|x86.Build.0 = Release|Any CPU
		{C7B984E4-FA49-4C0A-83F5-5B19C685F301}.Debug|Any CPU.ActiveCfg = Debug|Any CPU
		{C7B984E4-FA49-4C0A-83F5-5B19C685F301}.Debug|Any CPU.Build.0 = Debug|Any CPU
		{C7B984E4-FA49-4C0A-83F5-5B19C685F301}.Debug|x64.ActiveCfg = Debug|Any CPU
		{C7B984E4-FA49-4C0A-83F5-5B19C685F301}.Debug|x64.Build.0 = Debug|Any CPU
		{C7B984E4-FA49-4C0A-83F5-5B19C685F301}.Debug|x86.ActiveCfg = Debug|Any CPU
		{C7B984E4-FA49-4C0A-83F5-5B19C685F301}.Debug|x86.Build.0 = Debug|Any CPU
		{C7B984E4-FA49-4C0A-83F5-5B19C685F301}.Release|Any CPU.ActiveCfg = Release|Any CPU
		{C7B984E4-FA49-4C0A-83F5-5B19C685F301}.Release|Any CPU.Build.0 = Release|Any CPU
		{C7B984E4-FA49-4C0A-83F5-5B19C685F301}.Release|x64.ActiveCfg = Release|Any CPU
		{C7B984E4-FA49-4C0A-83F5-5B19C685F301}.Release|x64.Build.0 = Release|Any CPU
		{C7B984E4-FA49-4C0A-83F5-5B19C685F301}.Release|x86.ActiveCfg = Release|Any CPU
		{C7B984E4-FA49-4C0A-83F5-5B19C685F301}.Release|x86.Build.0 = Release|Any CPU
	EndGlobalSection
	GlobalSection(SolutionProperties) = preSolution
		HideSolutionNode = FALSE
	EndGlobalSection
	GlobalSection(NestedProjects) = preSolution
		{3D07E559-C5A6-43F1-B995-FE05D3E5C254} = {E95B4FEA-3AC0-4791-9927-9041696F9D06}
		{4EB5D689-320A-49F3-B2DB-78023F7743DC} = {E95B4FEA-3AC0-4791-9927-9041696F9D06}
		{4FDCC306-A96E-4601-BCF1-171EAA019DC5} = {E95B4FEA-3AC0-4791-9927-9041696F9D06}
		{E19C349A-655E-4D41-A524-4B8559408F02} = {E95B4FEA-3AC0-4791-9927-9041696F9D06}
		{CCB4D48D-60D3-4DD3-9D98-5E8CC96DBC7E} = {37B83D39-8E50-435E-8AF4-A9DBC0968E8F}
		{2CAF0C42-DABB-45B9-B78C-6638A6C64A92} = {CCB4D48D-60D3-4DD3-9D98-5E8CC96DBC7E}
		{11D0FE4E-2773-4587-883E-24AB461E278E} = {2CAF0C42-DABB-45B9-B78C-6638A6C64A92}
		{0E06A324-A781-4B75-83F5-176DAB9AD0C4} = {2CAF0C42-DABB-45B9-B78C-6638A6C64A92}
		{38D08B50-22D7-4434-B921-C8D39F349F2E} = {0E06A324-A781-4B75-83F5-176DAB9AD0C4}
		{BF9C3C74-DF22-41F7-A88F-084430F2B935} = {E95B4FEA-3AC0-4791-9927-9041696F9D06}
		{BBD78EB9-3AA2-44E0-B899-7BE5948327CE} = {E95B4FEA-3AC0-4791-9927-9041696F9D06}
		{52D4F661-F4E6-4DAE-94EF-5698E1D9C1A5} = {7F717648-2E38-4F4D-811A-BDEF2868438F}
		{EBDC9326-1EFC-4F97-98ED-F385E6DD9E3F} = {CCB4D48D-60D3-4DD3-9D98-5E8CC96DBC7E}
		{C722D839-83F4-4BED-BD42-AD8A1B895D41} = {EBDC9326-1EFC-4F97-98ED-F385E6DD9E3F}
		{EF02806F-A712-44F6-AB92-28C404D47631} = {C722D839-83F4-4BED-BD42-AD8A1B895D41}
		{E39B8E57-21E6-4ADC-A446-624686367DFC} = {11D0FE4E-2773-4587-883E-24AB461E278E}
		{9362BD32-76BB-49C6-A2C5-626CC2869AEA} = {D654478E-F7D8-4BB9-96FF-507D15E60F3A}
		{F0D36ADC-DD65-4F05-85F5-CB107464AAD3} = {E95B4FEA-3AC0-4791-9927-9041696F9D06}
		{AA5252BE-F718-494F-AF56-5C0730D47BE8} = {37B83D39-8E50-435E-8AF4-A9DBC0968E8F}
		{C2F951D8-2CB6-4AB5-9029-1EE3FCDB910A} = {7F717648-2E38-4F4D-811A-BDEF2868438F}
		{B636CDAC-E2CE-4689-A915-8FC38888BCB7} = {D654478E-F7D8-4BB9-96FF-507D15E60F3A}
		{C7B984E4-FA49-4C0A-83F5-5B19C685F301} = {DF236656-F5F9-49F1-9245-D5E61484E0EA}
	EndGlobalSection
	GlobalSection(ExtensibilityGlobals) = postSolution
		SolutionGuid = {7354525E-931D-4817-9C72-BF94D96FDB2D}
	EndGlobalSection
EndGlobal
