
Microsoft Visual Studio Solution File, Format Version 12.00
# Visual Studio Version 16
VisualStudioVersion = 16.0.29306.81
MinimumVisualStudioVersion = 10.0.40219.1
Project("{9A19103F-16F7-4668-BE54-9A1E7A4F7556}") = "IRMonitor2", "IRMonitor2\IRMonitor2.csproj", "{B714334D-523E-4325-8302-169743849200}"
EndProject
Project("{9A19103F-16F7-4668-BE54-9A1E7A4F7556}") = "Repository", "Repository\Repository.csproj", "{63351D9B-1314-420F-9F40-A2C481F48030}"
EndProject
Project("{9A19103F-16F7-4668-BE54-9A1E7A4F7556}") = "Communication", "Communication\Communication.csproj", "{BD11473A-B638-4A52-A96A-5019D329F200}"
EndProject
Project("{9A19103F-16F7-4668-BE54-9A1E7A4F7556}") = "Miscs", "Miscs\Miscs.csproj", "{FD2CB9D5-E595-4519-8EB9-85BDF09E0EB5}"
EndProject
Project("{9A19103F-16F7-4668-BE54-9A1E7A4F7556}") = "Common", "Common\Common.csproj", "{7131F9B4-9CC2-4692-89A5-3DABAAB81E11}"
EndProject
Project("{9A19103F-16F7-4668-BE54-9A1E7A4F7556}") = "Resources", "Resources\Resources.csproj", "{AF3497D7-C498-44C0-9A79-D2767423EF29}"
EndProject
Project("{2150E333-8FDC-42A3-9474-1A3956D46DE8}") = "Test", "Test", "{766E3422-60FD-4007-B0AC-0ED2C1F56F78}"
EndProject
Project("{9A19103F-16F7-4668-BE54-9A1E7A4F7556}") = "TestCommunication", "Test\TestCommunication\TestCommunication.csproj", "{039292C3-2E81-4582-9783-F8398B7F1044}"
EndProject
Project("{9A19103F-16F7-4668-BE54-9A1E7A4F7556}") = "Devices", "Devices\Devices.csproj", "{9781BFD2-9F32-47E6-8DEF-3A9F487EE169}"
EndProject
Project("{2150E333-8FDC-42A3-9474-1A3956D46DE8}") = "Vendors", "Vendors", "{D4967A70-CB31-42F6-B244-2099712C5948}"
EndProject
Project("{2150E333-8FDC-42A3-9474-1A3956D46DE8}") = "IrCamera", "IrCamera", "{D5A7779C-8F53-48A7-A96E-0D95E5582BFD}"
EndProject
Project("{2150E333-8FDC-42A3-9474-1A3956D46DE8}") = "Filr", "Filr", "{3DEA597F-C720-4A16-A8F6-E4068E748D6B}"
EndProject
Project("{2150E333-8FDC-42A3-9474-1A3956D46DE8}") = "HIKVision", "HIKVision", "{FAB91857-ED5A-4B19-A539-E86C627374B9}"
EndProject
Project("{2150E333-8FDC-42A3-9474-1A3956D46DE8}") = "Magnity", "Magnity", "{6BDE05DB-2F2B-4EBC-8829-E120947F6C39}"
EndProject
Project("{2150E333-8FDC-42A3-9474-1A3956D46DE8}") = "VirtualDevice", "VirtualDevice", "{08D90309-4A13-4429-AB65-D1C9C346FB75}"
EndProject
Project("{8BC9CEB8-8B4A-11D0-8D11-00A0C91BC942}") = "EbusDevice", "Vendors\IrCamera\Filr\EbusDevice\EbusDevice.vcxproj", "{B636F759-CBD8-4335-A400-A47C990BB625}"
EndProject
Project("{2150E333-8FDC-42A3-9474-1A3956D46DE8}") = "Camera", "Camera", "{588340CC-A7C0-4E5F-B94A-725532794705}"
EndProject
Project("{2150E333-8FDC-42A3-9474-1A3956D46DE8}") = "Platform", "Platform", "{7E8C729D-54D0-48F5-864D-13328D48D388}"
EndProject
Project("{2150E333-8FDC-42A3-9474-1A3956D46DE8}") = "Spot", "Spot", "{C64E9EAE-7B76-47BB-B1B6-2E6A008CCBD1}"
EndProject
Project("{FAE04EC0-301F-11D3-BF4B-00C04F79EFBC}") = "HIKVisionDevice", "Vendors\IrCamera\HIKVision\HIKVisionDevice\HIKVisionDevice.csproj", "{08C111EC-79CC-4933-8790-451B3928689A}"
EndProject
Project("{FAE04EC0-301F-11D3-BF4B-00C04F79EFBC}") = "VirtualIrDevice", "Vendors\IrCamera\VirtualDevice\VirtualIrDevice\VirtualIrDevice.csproj", "{16049669-CFEF-4193-A5FB-EF29BC2CF2BE}"
EndProject
Global
	GlobalSection(SolutionConfigurationPlatforms) = preSolution
		Debug|Any CPU = Debug|Any CPU
		Debug|x64 = Debug|x64
		Debug|x86 = Debug|x86
		Release|Any CPU = Release|Any CPU
		Release|x64 = Release|x64
		Release|x86 = Release|x86
	EndGlobalSection
	GlobalSection(ProjectConfigurationPlatforms) = postSolution
		{B714334D-523E-4325-8302-169743849200}.Debug|Any CPU.ActiveCfg = Debug|Any CPU
		{B714334D-523E-4325-8302-169743849200}.Debug|Any CPU.Build.0 = Debug|Any CPU
		{B714334D-523E-4325-8302-169743849200}.Debug|x64.ActiveCfg = Debug|Any CPU
		{B714334D-523E-4325-8302-169743849200}.Debug|x64.Build.0 = Debug|Any CPU
		{B714334D-523E-4325-8302-169743849200}.Debug|x86.ActiveCfg = Debug|Any CPU
		{B714334D-523E-4325-8302-169743849200}.Debug|x86.Build.0 = Debug|Any CPU
		{B714334D-523E-4325-8302-169743849200}.Release|Any CPU.ActiveCfg = Release|Any CPU
		{B714334D-523E-4325-8302-169743849200}.Release|Any CPU.Build.0 = Release|Any CPU
		{B714334D-523E-4325-8302-169743849200}.Release|x64.ActiveCfg = Release|Any CPU
		{B714334D-523E-4325-8302-169743849200}.Release|x64.Build.0 = Release|Any CPU
		{B714334D-523E-4325-8302-169743849200}.Release|x86.ActiveCfg = Release|Any CPU
		{B714334D-523E-4325-8302-169743849200}.Release|x86.Build.0 = Release|Any CPU
		{63351D9B-1314-420F-9F40-A2C481F48030}.Debug|Any CPU.ActiveCfg = Debug|Any CPU
		{63351D9B-1314-420F-9F40-A2C481F48030}.Debug|Any CPU.Build.0 = Debug|Any CPU
		{63351D9B-1314-420F-9F40-A2C481F48030}.Debug|x64.ActiveCfg = Debug|Any CPU
		{63351D9B-1314-420F-9F40-A2C481F48030}.Debug|x64.Build.0 = Debug|Any CPU
		{63351D9B-1314-420F-9F40-A2C481F48030}.Debug|x86.ActiveCfg = Debug|Any CPU
		{63351D9B-1314-420F-9F40-A2C481F48030}.Debug|x86.Build.0 = Debug|Any CPU
		{63351D9B-1314-420F-9F40-A2C481F48030}.Release|Any CPU.ActiveCfg = Release|Any CPU
		{63351D9B-1314-420F-9F40-A2C481F48030}.Release|Any CPU.Build.0 = Release|Any CPU
		{63351D9B-1314-420F-9F40-A2C481F48030}.Release|x64.ActiveCfg = Release|Any CPU
		{63351D9B-1314-420F-9F40-A2C481F48030}.Release|x64.Build.0 = Release|Any CPU
		{63351D9B-1314-420F-9F40-A2C481F48030}.Release|x86.ActiveCfg = Release|Any CPU
		{63351D9B-1314-420F-9F40-A2C481F48030}.Release|x86.Build.0 = Release|Any CPU
		{BD11473A-B638-4A52-A96A-5019D329F200}.Debug|Any CPU.ActiveCfg = Debug|Any CPU
		{BD11473A-B638-4A52-A96A-5019D329F200}.Debug|Any CPU.Build.0 = Debug|Any CPU
		{BD11473A-B638-4A52-A96A-5019D329F200}.Debug|x64.ActiveCfg = Debug|Any CPU
		{BD11473A-B638-4A52-A96A-5019D329F200}.Debug|x64.Build.0 = Debug|Any CPU
		{BD11473A-B638-4A52-A96A-5019D329F200}.Debug|x86.ActiveCfg = Debug|Any CPU
		{BD11473A-B638-4A52-A96A-5019D329F200}.Debug|x86.Build.0 = Debug|Any CPU
		{BD11473A-B638-4A52-A96A-5019D329F200}.Release|Any CPU.ActiveCfg = Release|Any CPU
		{BD11473A-B638-4A52-A96A-5019D329F200}.Release|Any CPU.Build.0 = Release|Any CPU
		{BD11473A-B638-4A52-A96A-5019D329F200}.Release|x64.ActiveCfg = Release|Any CPU
		{BD11473A-B638-4A52-A96A-5019D329F200}.Release|x64.Build.0 = Release|Any CPU
		{BD11473A-B638-4A52-A96A-5019D329F200}.Release|x86.ActiveCfg = Release|Any CPU
		{BD11473A-B638-4A52-A96A-5019D329F200}.Release|x86.Build.0 = Release|Any CPU
		{FD2CB9D5-E595-4519-8EB9-85BDF09E0EB5}.Debug|Any CPU.ActiveCfg = Debug|Any CPU
		{FD2CB9D5-E595-4519-8EB9-85BDF09E0EB5}.Debug|Any CPU.Build.0 = Debug|Any CPU
		{FD2CB9D5-E595-4519-8EB9-85BDF09E0EB5}.Debug|x64.ActiveCfg = Debug|Any CPU
		{FD2CB9D5-E595-4519-8EB9-85BDF09E0EB5}.Debug|x64.Build.0 = Debug|Any CPU
		{FD2CB9D5-E595-4519-8EB9-85BDF09E0EB5}.Debug|x86.ActiveCfg = Debug|Any CPU
		{FD2CB9D5-E595-4519-8EB9-85BDF09E0EB5}.Debug|x86.Build.0 = Debug|Any CPU
		{FD2CB9D5-E595-4519-8EB9-85BDF09E0EB5}.Release|Any CPU.ActiveCfg = Release|Any CPU
		{FD2CB9D5-E595-4519-8EB9-85BDF09E0EB5}.Release|Any CPU.Build.0 = Release|Any CPU
		{FD2CB9D5-E595-4519-8EB9-85BDF09E0EB5}.Release|x64.ActiveCfg = Release|Any CPU
		{FD2CB9D5-E595-4519-8EB9-85BDF09E0EB5}.Release|x64.Build.0 = Release|Any CPU
		{FD2CB9D5-E595-4519-8EB9-85BDF09E0EB5}.Release|x86.ActiveCfg = Release|Any CPU
		{FD2CB9D5-E595-4519-8EB9-85BDF09E0EB5}.Release|x86.Build.0 = Release|Any CPU
		{7131F9B4-9CC2-4692-89A5-3DABAAB81E11}.Debug|Any CPU.ActiveCfg = Debug|Any CPU
		{7131F9B4-9CC2-4692-89A5-3DABAAB81E11}.Debug|Any CPU.Build.0 = Debug|Any CPU
		{7131F9B4-9CC2-4692-89A5-3DABAAB81E11}.Debug|x64.ActiveCfg = Debug|Any CPU
		{7131F9B4-9CC2-4692-89A5-3DABAAB81E11}.Debug|x64.Build.0 = Debug|Any CPU
		{7131F9B4-9CC2-4692-89A5-3DABAAB81E11}.Debug|x86.ActiveCfg = Debug|Any CPU
		{7131F9B4-9CC2-4692-89A5-3DABAAB81E11}.Debug|x86.Build.0 = Debug|Any CPU
		{7131F9B4-9CC2-4692-89A5-3DABAAB81E11}.Release|Any CPU.ActiveCfg = Release|Any CPU
		{7131F9B4-9CC2-4692-89A5-3DABAAB81E11}.Release|Any CPU.Build.0 = Release|Any CPU
		{7131F9B4-9CC2-4692-89A5-3DABAAB81E11}.Release|x64.ActiveCfg = Release|Any CPU
		{7131F9B4-9CC2-4692-89A5-3DABAAB81E11}.Release|x64.Build.0 = Release|Any CPU
		{7131F9B4-9CC2-4692-89A5-3DABAAB81E11}.Release|x86.ActiveCfg = Release|Any CPU
		{7131F9B4-9CC2-4692-89A5-3DABAAB81E11}.Release|x86.Build.0 = Release|Any CPU
		{AF3497D7-C498-44C0-9A79-D2767423EF29}.Debug|Any CPU.ActiveCfg = Debug|Any CPU
		{AF3497D7-C498-44C0-9A79-D2767423EF29}.Debug|Any CPU.Build.0 = Debug|Any CPU
		{AF3497D7-C498-44C0-9A79-D2767423EF29}.Debug|x64.ActiveCfg = Debug|Any CPU
		{AF3497D7-C498-44C0-9A79-D2767423EF29}.Debug|x64.Build.0 = Debug|Any CPU
		{AF3497D7-C498-44C0-9A79-D2767423EF29}.Debug|x86.ActiveCfg = Debug|Any CPU
		{AF3497D7-C498-44C0-9A79-D2767423EF29}.Debug|x86.Build.0 = Debug|Any CPU
		{AF3497D7-C498-44C0-9A79-D2767423EF29}.Release|Any CPU.ActiveCfg = Release|Any CPU
		{AF3497D7-C498-44C0-9A79-D2767423EF29}.Release|Any CPU.Build.0 = Release|Any CPU
		{AF3497D7-C498-44C0-9A79-D2767423EF29}.Release|x64.ActiveCfg = Release|Any CPU
		{AF3497D7-C498-44C0-9A79-D2767423EF29}.Release|x64.Build.0 = Release|Any CPU
		{AF3497D7-C498-44C0-9A79-D2767423EF29}.Release|x86.ActiveCfg = Release|Any CPU
		{AF3497D7-C498-44C0-9A79-D2767423EF29}.Release|x86.Build.0 = Release|Any CPU
		{039292C3-2E81-4582-9783-F8398B7F1044}.Debug|Any CPU.ActiveCfg = Debug|Any CPU
		{039292C3-2E81-4582-9783-F8398B7F1044}.Debug|Any CPU.Build.0 = Debug|Any CPU
		{039292C3-2E81-4582-9783-F8398B7F1044}.Debug|x64.ActiveCfg = Debug|Any CPU
		{039292C3-2E81-4582-9783-F8398B7F1044}.Debug|x64.Build.0 = Debug|Any CPU
		{039292C3-2E81-4582-9783-F8398B7F1044}.Debug|x86.ActiveCfg = Debug|Any CPU
		{039292C3-2E81-4582-9783-F8398B7F1044}.Debug|x86.Build.0 = Debug|Any CPU
		{039292C3-2E81-4582-9783-F8398B7F1044}.Release|Any CPU.ActiveCfg = Release|Any CPU
		{039292C3-2E81-4582-9783-F8398B7F1044}.Release|Any CPU.Build.0 = Release|Any CPU
		{039292C3-2E81-4582-9783-F8398B7F1044}.Release|x64.ActiveCfg = Release|Any CPU
		{039292C3-2E81-4582-9783-F8398B7F1044}.Release|x64.Build.0 = Release|Any CPU
		{039292C3-2E81-4582-9783-F8398B7F1044}.Release|x86.ActiveCfg = Release|Any CPU
		{039292C3-2E81-4582-9783-F8398B7F1044}.Release|x86.Build.0 = Release|Any CPU
		{9781BFD2-9F32-47E6-8DEF-3A9F487EE169}.Debug|Any CPU.ActiveCfg = Debug|Any CPU
		{9781BFD2-9F32-47E6-8DEF-3A9F487EE169}.Debug|Any CPU.Build.0 = Debug|Any CPU
		{9781BFD2-9F32-47E6-8DEF-3A9F487EE169}.Debug|x64.ActiveCfg = Debug|Any CPU
		{9781BFD2-9F32-47E6-8DEF-3A9F487EE169}.Debug|x64.Build.0 = Debug|Any CPU
		{9781BFD2-9F32-47E6-8DEF-3A9F487EE169}.Debug|x86.ActiveCfg = Debug|Any CPU
		{9781BFD2-9F32-47E6-8DEF-3A9F487EE169}.Debug|x86.Build.0 = Debug|Any CPU
		{9781BFD2-9F32-47E6-8DEF-3A9F487EE169}.Release|Any CPU.ActiveCfg = Release|Any CPU
		{9781BFD2-9F32-47E6-8DEF-3A9F487EE169}.Release|Any CPU.Build.0 = Release|Any CPU
		{9781BFD2-9F32-47E6-8DEF-3A9F487EE169}.Release|x64.ActiveCfg = Release|Any CPU
		{9781BFD2-9F32-47E6-8DEF-3A9F487EE169}.Release|x64.Build.0 = Release|Any CPU
		{9781BFD2-9F32-47E6-8DEF-3A9F487EE169}.Release|x86.ActiveCfg = Release|Any CPU
		{9781BFD2-9F32-47E6-8DEF-3A9F487EE169}.Release|x86.Build.0 = Release|Any CPU
		{B636F759-CBD8-4335-A400-A47C990BB625}.Debug|Any CPU.ActiveCfg = Debug|Win32
		{B636F759-CBD8-4335-A400-A47C990BB625}.Debug|x64.ActiveCfg = Debug|x64
		{B636F759-CBD8-4335-A400-A47C990BB625}.Debug|x64.Build.0 = Debug|x64
		{B636F759-CBD8-4335-A400-A47C990BB625}.Debug|x86.ActiveCfg = Debug|Win32
		{B636F759-CBD8-4335-A400-A47C990BB625}.Debug|x86.Build.0 = Debug|Win32
		{B636F759-CBD8-4335-A400-A47C990BB625}.Release|Any CPU.ActiveCfg = Release|Win32
		{B636F759-CBD8-4335-A400-A47C990BB625}.Release|x64.ActiveCfg = Release|x64
		{B636F759-CBD8-4335-A400-A47C990BB625}.Release|x64.Build.0 = Release|x64
		{B636F759-CBD8-4335-A400-A47C990BB625}.Release|x86.ActiveCfg = Release|Win32
		{B636F759-CBD8-4335-A400-A47C990BB625}.Release|x86.Build.0 = Release|Win32
		{08C111EC-79CC-4933-8790-451B3928689A}.Debug|Any CPU.ActiveCfg = Debug|Any CPU
		{08C111EC-79CC-4933-8790-451B3928689A}.Debug|Any CPU.Build.0 = Debug|Any CPU
		{08C111EC-79CC-4933-8790-451B3928689A}.Debug|x64.ActiveCfg = Debug|Any CPU
		{08C111EC-79CC-4933-8790-451B3928689A}.Debug|x64.Build.0 = Debug|Any CPU
		{08C111EC-79CC-4933-8790-451B3928689A}.Debug|x86.ActiveCfg = Debug|Any CPU
		{08C111EC-79CC-4933-8790-451B3928689A}.Debug|x86.Build.0 = Debug|Any CPU
		{08C111EC-79CC-4933-8790-451B3928689A}.Release|Any CPU.ActiveCfg = Release|Any CPU
		{08C111EC-79CC-4933-8790-451B3928689A}.Release|Any CPU.Build.0 = Release|Any CPU
		{08C111EC-79CC-4933-8790-451B3928689A}.Release|x64.ActiveCfg = Release|Any CPU
		{08C111EC-79CC-4933-8790-451B3928689A}.Release|x64.Build.0 = Release|Any CPU
		{08C111EC-79CC-4933-8790-451B3928689A}.Release|x86.ActiveCfg = Release|Any CPU
		{08C111EC-79CC-4933-8790-451B3928689A}.Release|x86.Build.0 = Release|Any CPU
		{16049669-CFEF-4193-A5FB-EF29BC2CF2BE}.Debug|Any CPU.ActiveCfg = Debug|Any CPU
		{16049669-CFEF-4193-A5FB-EF29BC2CF2BE}.Debug|Any CPU.Build.0 = Debug|Any CPU
		{16049669-CFEF-4193-A5FB-EF29BC2CF2BE}.Debug|x64.ActiveCfg = Debug|Any CPU
		{16049669-CFEF-4193-A5FB-EF29BC2CF2BE}.Debug|x64.Build.0 = Debug|Any CPU
		{16049669-CFEF-4193-A5FB-EF29BC2CF2BE}.Debug|x86.ActiveCfg = Debug|Any CPU
		{16049669-CFEF-4193-A5FB-EF29BC2CF2BE}.Debug|x86.Build.0 = Debug|Any CPU
		{16049669-CFEF-4193-A5FB-EF29BC2CF2BE}.Release|Any CPU.ActiveCfg = Release|Any CPU
		{16049669-CFEF-4193-A5FB-EF29BC2CF2BE}.Release|Any CPU.Build.0 = Release|Any CPU
		{16049669-CFEF-4193-A5FB-EF29BC2CF2BE}.Release|x64.ActiveCfg = Release|Any CPU
		{16049669-CFEF-4193-A5FB-EF29BC2CF2BE}.Release|x64.Build.0 = Release|Any CPU
		{16049669-CFEF-4193-A5FB-EF29BC2CF2BE}.Release|x86.ActiveCfg = Release|Any CPU
		{16049669-CFEF-4193-A5FB-EF29BC2CF2BE}.Release|x86.Build.0 = Release|Any CPU
	EndGlobalSection
	GlobalSection(SolutionProperties) = preSolution
		HideSolutionNode = FALSE
	EndGlobalSection
	GlobalSection(NestedProjects) = preSolution
		{039292C3-2E81-4582-9783-F8398B7F1044} = {766E3422-60FD-4007-B0AC-0ED2C1F56F78}
		{D5A7779C-8F53-48A7-A96E-0D95E5582BFD} = {D4967A70-CB31-42F6-B244-2099712C5948}
		{3DEA597F-C720-4A16-A8F6-E4068E748D6B} = {D5A7779C-8F53-48A7-A96E-0D95E5582BFD}
		{FAB91857-ED5A-4B19-A539-E86C627374B9} = {D5A7779C-8F53-48A7-A96E-0D95E5582BFD}
		{6BDE05DB-2F2B-4EBC-8829-E120947F6C39} = {D5A7779C-8F53-48A7-A96E-0D95E5582BFD}
		{08D90309-4A13-4429-AB65-D1C9C346FB75} = {D5A7779C-8F53-48A7-A96E-0D95E5582BFD}
		{B636F759-CBD8-4335-A400-A47C990BB625} = {3DEA597F-C720-4A16-A8F6-E4068E748D6B}
		{588340CC-A7C0-4E5F-B94A-725532794705} = {D4967A70-CB31-42F6-B244-2099712C5948}
		{7E8C729D-54D0-48F5-864D-13328D48D388} = {D4967A70-CB31-42F6-B244-2099712C5948}
		{C64E9EAE-7B76-47BB-B1B6-2E6A008CCBD1} = {D4967A70-CB31-42F6-B244-2099712C5948}
		{08C111EC-79CC-4933-8790-451B3928689A} = {FAB91857-ED5A-4B19-A539-E86C627374B9}
		{16049669-CFEF-4193-A5FB-EF29BC2CF2BE} = {08D90309-4A13-4429-AB65-D1C9C346FB75}
	EndGlobalSection
	GlobalSection(ExtensibilityGlobals) = postSolution
		SolutionGuid = {D7B605EC-36AF-4512-8863-4996E3FE5290}
	EndGlobalSection
EndGlobal
