
Microsoft Visual Studio Solution File, Format Version 12.00
# Visual Studio Version 16
VisualStudioVersion = 16.0.29020.237
MinimumVisualStudioVersion = 10.0.40219.1
Project("{FAE04EC0-301F-11D3-BF4B-00C04F79EFBC}") = "encoder-csharp", "encoder-csharp\encoder-csharp.csproj", "{3EC049AE-D611-4F75-B80D-7781B411D6D4}"
EndProject
Project("{FAE04EC0-301F-11D3-BF4B-00C04F79EFBC}") = "decoder-csharp", "..\decoder-csharp\decoder-csharp.csproj", "{A57EE4A9-D5A9-4930-A239-AF4736CCCADC}"
EndProject
Global
	GlobalSection(SolutionConfigurationPlatforms) = preSolution
		Debug|Any CPU = Debug|Any CPU
		Release|Any CPU = Release|Any CPU
	EndGlobalSection
	GlobalSection(ProjectConfigurationPlatforms) = postSolution
		{3EC049AE-D611-4F75-B80D-7781B411D6D4}.Debug|Any CPU.ActiveCfg = Debug|Any CPU
		{3EC049AE-D611-4F75-B80D-7781B411D6D4}.Debug|Any CPU.Build.0 = Debug|Any CPU
		{3EC049AE-D611-4F75-B80D-7781B411D6D4}.Release|Any CPU.ActiveCfg = Release|Any CPU
		{3EC049AE-D611-4F75-B80D-7781B411D6D4}.Release|Any CPU.Build.0 = Release|Any CPU
		{A57EE4A9-D5A9-4930-A239-AF4736CCCADC}.Debug|Any CPU.ActiveCfg = Debug|Any CPU
		{A57EE4A9-D5A9-4930-A239-AF4736CCCADC}.Debug|Any CPU.Build.0 = Debug|Any CPU
		{A57EE4A9-D5A9-4930-A239-AF4736CCCADC}.Release|Any CPU.ActiveCfg = Release|Any CPU
		{A57EE4A9-D5A9-4930-A239-AF4736CCCADC}.Release|Any CPU.Build.0 = Release|Any CPU
	EndGlobalSection
	GlobalSection(SolutionProperties) = preSolution
		HideSolutionNode = FALSE
	EndGlobalSection
	GlobalSection(ExtensibilityGlobals) = postSolution
		SolutionGuid = {19D66400-E133-4AF6-8E96-C33D069D94EE}
	EndGlobalSection
EndGlobal
