
Microsoft Visual Studio Solution File, Format Version 12.00
# Visual Studio Version 16
VisualStudioVersion = 16.0.29102.190
MinimumVisualStudioVersion = 10.0.40219.1
Project("{9A19103F-16F7-4668-BE54-9A1E7A4F7556}") = "IRMonitor", "IRMonitor\IRMonitor.csproj", "{21456BBD-E8F7-4054-9ED6-045CD674CFC9}"
EndProject
Project("{2150E333-8FDC-42A3-9474-1A3956D46DE8}") = "Vendors", "Vendors", "{3064DECC-2EC4-4896-AD40-6337A5B49FC8}"
EndProject
Project("{2150E333-8FDC-42A3-9474-1A3956D46DE8}") = "IrCamera", "IrCamera", "{E3670CDC-DA4D-46DF-9538-E1A49DD6794F}"
EndProject
Project("{2150E333-8FDC-42A3-9474-1A3956D46DE8}") = "Camera", "Camera", "{B7F4B9DF-BB59-4911-9C2E-76A21042FDDD}"
EndProject
Project("{2150E333-8FDC-42A3-9474-1A3956D46DE8}") = "Platform", "Platform", "{8C80EEE6-4BC2-43A2-9663-CF425BA82301}"
EndProject
Project("{2150E333-8FDC-42A3-9474-1A3956D46DE8}") = "Spot", "Spot", "{5A84EA11-DD0E-4E5A-A29F-65B5130A7B6B}"
EndProject
Project("{2150E333-8FDC-42A3-9474-1A3956D46DE8}") = "Filr", "Filr", "{D8299257-6BF8-4507-8AA9-8E0DFE89DE02}"
EndProject
Project("{8BC9CEB8-8B4A-11D0-8D11-00A0C91BC942}") = "EbusDevice", "Vendors\IrCamera\Filr\EbusDevice\EbusDevice.vcxproj", "{B636F759-CBD8-4335-A400-A47C990BB625}"
EndProject
Project("{2150E333-8FDC-42A3-9474-1A3956D46DE8}") = "HIKVision", "HIKVision", "{53CFF82D-5EAB-4151-92D4-43AE0940E374}"
EndProject
Project("{2150E333-8FDC-42A3-9474-1A3956D46DE8}") = "Magnity", "Magnity", "{6C24AADE-AD78-4334-B0B3-035121B3A4E9}"
EndProject
Project("{FAE04EC0-301F-11D3-BF4B-00C04F79EFBC}") = "Common", "Common\Common.csproj", "{4C7B3796-398E-4B9F-99BE-523515D8BB21}"
EndProject
Project("{FAE04EC0-301F-11D3-BF4B-00C04F79EFBC}") = "Resources", "Resources\Resources.csproj", "{75EE0D0B-087F-420C-82DC-89E9C749C5BD}"
EndProject
Project("{FAE04EC0-301F-11D3-BF4B-00C04F79EFBC}") = "Models", "Models\Models.csproj", "{DB789A7F-0696-4C85-BF7A-9EC0A247FD63}"
EndProject
Project("{FAE04EC0-301F-11D3-BF4B-00C04F79EFBC}") = "Devices", "Devices\Devices.csproj", "{FC62DFAB-C628-45A6-8600-4FD0A8F87D4B}"
EndProject
Project("{FAE04EC0-301F-11D3-BF4B-00C04F79EFBC}") = "Communication", "Communication\Communication.csproj", "{8A27D1D3-E33C-4247-864F-43F29968A0F1}"
EndProject
Global
	GlobalSection(SolutionConfigurationPlatforms) = preSolution
		Debug|Any CPU = Debug|Any CPU
		Debug|x64 = Debug|x64
		Debug|x86 = Debug|x86
		Release|Any CPU = Release|Any CPU
		Release|x64 = Release|x64
		Release|x86 = Release|x86
	EndGlobalSection
	GlobalSection(ProjectConfigurationPlatforms) = postSolution
		{21456BBD-E8F7-4054-9ED6-045CD674CFC9}.Debug|Any CPU.ActiveCfg = Debug|Any CPU
		{21456BBD-E8F7-4054-9ED6-045CD674CFC9}.Debug|Any CPU.Build.0 = Debug|Any CPU
		{21456BBD-E8F7-4054-9ED6-045CD674CFC9}.Debug|x64.ActiveCfg = Debug|Any CPU
		{21456BBD-E8F7-4054-9ED6-045CD674CFC9}.Debug|x64.Build.0 = Debug|Any CPU
		{21456BBD-E8F7-4054-9ED6-045CD674CFC9}.Debug|x86.ActiveCfg = Debug|Any CPU
		{21456BBD-E8F7-4054-9ED6-045CD674CFC9}.Debug|x86.Build.0 = Debug|Any CPU
		{21456BBD-E8F7-4054-9ED6-045CD674CFC9}.Release|Any CPU.ActiveCfg = Release|Any CPU
		{21456BBD-E8F7-4054-9ED6-045CD674CFC9}.Release|Any CPU.Build.0 = Release|Any CPU
		{21456BBD-E8F7-4054-9ED6-045CD674CFC9}.Release|x64.ActiveCfg = Release|Any CPU
		{21456BBD-E8F7-4054-9ED6-045CD674CFC9}.Release|x64.Build.0 = Release|Any CPU
		{21456BBD-E8F7-4054-9ED6-045CD674CFC9}.Release|x86.ActiveCfg = Release|Any CPU
		{21456BBD-E8F7-4054-9ED6-045CD674CFC9}.Release|x86.Build.0 = Release|Any CPU
		{B636F759-CBD8-4335-A400-A47C990BB625}.Debug|Any CPU.ActiveCfg = Debug|Win32
		{B636F759-CBD8-4335-A400-A47C990BB625}.Debug|x64.ActiveCfg = Debug|x64
		{B636F759-CBD8-4335-A400-A47C990BB625}.Debug|x64.Build.0 = Debug|x64
		{B636F759-CBD8-4335-A400-A47C990BB625}.Debug|x86.ActiveCfg = Debug|Win32
		{B636F759-CBD8-4335-A400-A47C990BB625}.Debug|x86.Build.0 = Debug|Win32
		{B636F759-CBD8-4335-A400-A47C990BB625}.Release|Any CPU.ActiveCfg = Release|Win32
		{B636F759-CBD8-4335-A400-A47C990BB625}.Release|x64.ActiveCfg = Release|x64
		{B636F759-CBD8-4335-A400-A47C990BB625}.Release|x64.Build.0 = Release|x64
		{B636F759-CBD8-4335-A400-A47C990BB625}.Release|x86.ActiveCfg = Release|Win32
		{B636F759-CBD8-4335-A400-A47C990BB625}.Release|x86.Build.0 = Release|Win32
		{4C7B3796-398E-4B9F-99BE-523515D8BB21}.Debug|Any CPU.ActiveCfg = Debug|Any CPU
		{4C7B3796-398E-4B9F-99BE-523515D8BB21}.Debug|Any CPU.Build.0 = Debug|Any CPU
		{4C7B3796-398E-4B9F-99BE-523515D8BB21}.Debug|x64.ActiveCfg = Debug|Any CPU
		{4C7B3796-398E-4B9F-99BE-523515D8BB21}.Debug|x64.Build.0 = Debug|Any CPU
		{4C7B3796-398E-4B9F-99BE-523515D8BB21}.Debug|x86.ActiveCfg = Debug|Any CPU
		{4C7B3796-398E-4B9F-99BE-523515D8BB21}.Debug|x86.Build.0 = Debug|Any CPU
		{4C7B3796-398E-4B9F-99BE-523515D8BB21}.Release|Any CPU.ActiveCfg = Release|Any CPU
		{4C7B3796-398E-4B9F-99BE-523515D8BB21}.Release|Any CPU.Build.0 = Release|Any CPU
		{4C7B3796-398E-4B9F-99BE-523515D8BB21}.Release|x64.ActiveCfg = Release|Any CPU
		{4C7B3796-398E-4B9F-99BE-523515D8BB21}.Release|x64.Build.0 = Release|Any CPU
		{4C7B3796-398E-4B9F-99BE-523515D8BB21}.Release|x86.ActiveCfg = Release|Any CPU
		{4C7B3796-398E-4B9F-99BE-523515D8BB21}.Release|x86.Build.0 = Release|Any CPU
		{75EE0D0B-087F-420C-82DC-89E9C749C5BD}.Debug|Any CPU.ActiveCfg = Debug|Any CPU
		{75EE0D0B-087F-420C-82DC-89E9C749C5BD}.Debug|Any CPU.Build.0 = Debug|Any CPU
		{75EE0D0B-087F-420C-82DC-89E9C749C5BD}.Debug|x64.ActiveCfg = Debug|Any CPU
		{75EE0D0B-087F-420C-82DC-89E9C749C5BD}.Debug|x64.Build.0 = Debug|Any CPU
		{75EE0D0B-087F-420C-82DC-89E9C749C5BD}.Debug|x86.ActiveCfg = Debug|Any CPU
		{75EE0D0B-087F-420C-82DC-89E9C749C5BD}.Debug|x86.Build.0 = Debug|Any CPU
		{75EE0D0B-087F-420C-82DC-89E9C749C5BD}.Release|Any CPU.ActiveCfg = Release|Any CPU
		{75EE0D0B-087F-420C-82DC-89E9C749C5BD}.Release|Any CPU.Build.0 = Release|Any CPU
		{75EE0D0B-087F-420C-82DC-89E9C749C5BD}.Release|x64.ActiveCfg = Release|Any CPU
		{75EE0D0B-087F-420C-82DC-89E9C749C5BD}.Release|x64.Build.0 = Release|Any CPU
		{75EE0D0B-087F-420C-82DC-89E9C749C5BD}.Release|x86.ActiveCfg = Release|Any CPU
		{75EE0D0B-087F-420C-82DC-89E9C749C5BD}.Release|x86.Build.0 = Release|Any CPU
		{DB789A7F-0696-4C85-BF7A-9EC0A247FD63}.Debug|Any CPU.ActiveCfg = Debug|Any CPU
		{DB789A7F-0696-4C85-BF7A-9EC0A247FD63}.Debug|Any CPU.Build.0 = Debug|Any CPU
		{DB789A7F-0696-4C85-BF7A-9EC0A247FD63}.Debug|x64.ActiveCfg = Debug|Any CPU
		{DB789A7F-0696-4C85-BF7A-9EC0A247FD63}.Debug|x64.Build.0 = Debug|Any CPU
		{DB789A7F-0696-4C85-BF7A-9EC0A247FD63}.Debug|x86.ActiveCfg = Debug|Any CPU
		{DB789A7F-0696-4C85-BF7A-9EC0A247FD63}.Debug|x86.Build.0 = Debug|Any CPU
		{DB789A7F-0696-4C85-BF7A-9EC0A247FD63}.Release|Any CPU.ActiveCfg = Release|Any CPU
		{DB789A7F-0696-4C85-BF7A-9EC0A247FD63}.Release|Any CPU.Build.0 = Release|Any CPU
		{DB789A7F-0696-4C85-BF7A-9EC0A247FD63}.Release|x64.ActiveCfg = Release|Any CPU
		{DB789A7F-0696-4C85-BF7A-9EC0A247FD63}.Release|x64.Build.0 = Release|Any CPU
		{DB789A7F-0696-4C85-BF7A-9EC0A247FD63}.Release|x86.ActiveCfg = Release|Any CPU
		{DB789A7F-0696-4C85-BF7A-9EC0A247FD63}.Release|x86.Build.0 = Release|Any CPU
		{FC62DFAB-C628-45A6-8600-4FD0A8F87D4B}.Debug|Any CPU.ActiveCfg = Debug|Any CPU
		{FC62DFAB-C628-45A6-8600-4FD0A8F87D4B}.Debug|Any CPU.Build.0 = Debug|Any CPU
		{FC62DFAB-C628-45A6-8600-4FD0A8F87D4B}.Debug|x64.ActiveCfg = Debug|Any CPU
		{FC62DFAB-C628-45A6-8600-4FD0A8F87D4B}.Debug|x64.Build.0 = Debug|Any CPU
		{FC62DFAB-C628-45A6-8600-4FD0A8F87D4B}.Debug|x86.ActiveCfg = Debug|Any CPU
		{FC62DFAB-C628-45A6-8600-4FD0A8F87D4B}.Debug|x86.Build.0 = Debug|Any CPU
		{FC62DFAB-C628-45A6-8600-4FD0A8F87D4B}.Release|Any CPU.ActiveCfg = Release|Any CPU
		{FC62DFAB-C628-45A6-8600-4FD0A8F87D4B}.Release|Any CPU.Build.0 = Release|Any CPU
		{FC62DFAB-C628-45A6-8600-4FD0A8F87D4B}.Release|x64.ActiveCfg = Release|Any CPU
		{FC62DFAB-C628-45A6-8600-4FD0A8F87D4B}.Release|x64.Build.0 = Release|Any CPU
		{FC62DFAB-C628-45A6-8600-4FD0A8F87D4B}.Release|x86.ActiveCfg = Release|Any CPU
		{FC62DFAB-C628-45A6-8600-4FD0A8F87D4B}.Release|x86.Build.0 = Release|Any CPU
		{8A27D1D3-E33C-4247-864F-43F29968A0F1}.Debug|Any CPU.ActiveCfg = Debug|Any CPU
		{8A27D1D3-E33C-4247-864F-43F29968A0F1}.Debug|Any CPU.Build.0 = Debug|Any CPU
		{8A27D1D3-E33C-4247-864F-43F29968A0F1}.Debug|x64.ActiveCfg = Debug|Any CPU
		{8A27D1D3-E33C-4247-864F-43F29968A0F1}.Debug|x64.Build.0 = Debug|Any CPU
		{8A27D1D3-E33C-4247-864F-43F29968A0F1}.Debug|x86.ActiveCfg = Debug|Any CPU
		{8A27D1D3-E33C-4247-864F-43F29968A0F1}.Debug|x86.Build.0 = Debug|Any CPU
		{8A27D1D3-E33C-4247-864F-43F29968A0F1}.Release|Any CPU.ActiveCfg = Release|Any CPU
		{8A27D1D3-E33C-4247-864F-43F29968A0F1}.Release|Any CPU.Build.0 = Release|Any CPU
		{8A27D1D3-E33C-4247-864F-43F29968A0F1}.Release|x64.ActiveCfg = Release|Any CPU
		{8A27D1D3-E33C-4247-864F-43F29968A0F1}.Release|x64.Build.0 = Release|Any CPU
		{8A27D1D3-E33C-4247-864F-43F29968A0F1}.Release|x86.ActiveCfg = Release|Any CPU
		{8A27D1D3-E33C-4247-864F-43F29968A0F1}.Release|x86.Build.0 = Release|Any CPU
	EndGlobalSection
	GlobalSection(SolutionProperties) = preSolution
		HideSolutionNode = FALSE
	EndGlobalSection
	GlobalSection(NestedProjects) = preSolution
		{E3670CDC-DA4D-46DF-9538-E1A49DD6794F} = {3064DECC-2EC4-4896-AD40-6337A5B49FC8}
		{B7F4B9DF-BB59-4911-9C2E-76A21042FDDD} = {3064DECC-2EC4-4896-AD40-6337A5B49FC8}
		{8C80EEE6-4BC2-43A2-9663-CF425BA82301} = {3064DECC-2EC4-4896-AD40-6337A5B49FC8}
		{5A84EA11-DD0E-4E5A-A29F-65B5130A7B6B} = {3064DECC-2EC4-4896-AD40-6337A5B49FC8}
		{D8299257-6BF8-4507-8AA9-8E0DFE89DE02} = {E3670CDC-DA4D-46DF-9538-E1A49DD6794F}
		{B636F759-CBD8-4335-A400-A47C990BB625} = {D8299257-6BF8-4507-8AA9-8E0DFE89DE02}
		{53CFF82D-5EAB-4151-92D4-43AE0940E374} = {E3670CDC-DA4D-46DF-9538-E1A49DD6794F}
		{6C24AADE-AD78-4334-B0B3-035121B3A4E9} = {E3670CDC-DA4D-46DF-9538-E1A49DD6794F}
	EndGlobalSection
	GlobalSection(ExtensibilityGlobals) = postSolution
		SolutionGuid = {F81130D5-D54E-484B-B8FF-7CA1C248B13E}
	EndGlobalSection
EndGlobal
